
Microsoft Visual Studio Solution File, Format Version 12.00
# Visual Studio Version 17
VisualStudioVersion = 17.1.31911.260
MinimumVisualStudioVersion = 10.0.40219.1
Project("{9A19103F-16F7-4668-BE54-9A1E7A4F7556}") = "HexaSamples.Application.Cqs", "HexaSamples.Application.Cqs\HexaSamples.Application.Cqs.csproj", "{BDFD630E-64FB-4A6C-8A29-018BF2563492}"
EndProject
Project("{2150E333-8FDC-42A3-9474-1A3956D46DE8}") = "SeedWork", "SeedWork", "{B7425476-39D4-4A42-81CA-9283CC1E5A4B}"
EndProject
Project("{2150E333-8FDC-42A3-9474-1A3956D46DE8}") = "Core", "Core", "{62ADCCD5-98E4-49DC-A72A-6249EB52D46A}"
EndProject
Project("{2150E333-8FDC-42A3-9474-1A3956D46DE8}") = "Infra", "Infra", "{EECBE110-06BD-4DC8-B297-D88726AD2029}"
EndProject
Project("{2150E333-8FDC-42A3-9474-1A3956D46DE8}") = "Apps", "Apps", "{48F96FF9-2FC4-4238-94AE-1BC9B8A8F514}"
EndProject
Project("{FAE04EC0-301F-11D3-BF4B-00C04F79EFBC}") = "HexaSamples.SeedWork.Persistence.Abstractions", "HexaSamples.SeedWork.Persistence.Abstractions\HexaSamples.SeedWork.Persistence.Abstractions.csproj", "{80B68331-318A-446C-ABAB-D8693A6FB4DD}"
EndProject
Project("{FAE04EC0-301F-11D3-BF4B-00C04F79EFBC}") = "HexaSamples.SeedWork.Entities", "HexaSamples.SeedWork.Entities\HexaSamples.SeedWork.Entities.csproj", "{4734CE71-DF3A-4AE7-9948-BEB7335DEC4A}"
EndProject
Project("{FAE04EC0-301F-11D3-BF4B-00C04F79EFBC}") = "HexaSamples.SeedWork.Application", "HexaSamples.SeedWork.Application\HexaSamples.SeedWork.Application.csproj", "{A947E932-E646-4997-9313-FFC0184458FC}"
EndProject
Project("{FAE04EC0-301F-11D3-BF4B-00C04F79EFBC}") = "HexaSamples.SeedWork.Results", "HexaSamples.SeedWork.Results\HexaSamples.SeedWork.Results.csproj", "{96096843-366B-411D-8B85-20C0125AB87F}"
EndProject
Project("{FAE04EC0-301F-11D3-BF4B-00C04F79EFBC}") = "HexaSamples.SeedWork.Persistence.EntityFrameworkCore", "HexaSamples.SeedWork.Persistence.EntityFrameworkCore\HexaSamples.SeedWork.Persistence.EntityFrameworkCore.csproj", "{878B1088-A850-4AFA-AA16-9E06170EC24A}"
EndProject
Project("{FAE04EC0-301F-11D3-BF4B-00C04F79EFBC}") = "HexaSamples.Application.Handlers", "HexaSamples.Application.Handlers\HexaSamples.Application.Handlers.csproj", "{B2A76558-0945-45D9-936E-759BD5311997}"
EndProject
Project("{FAE04EC0-301F-11D3-BF4B-00C04F79EFBC}") = "HexaSamples.Domain", "HexaSamples.Domain\HexaSamples.Domain.csproj", "{803011AF-A836-49B3-BEAF-537D8309B8F9}"
EndProject
Project("{FAE04EC0-301F-11D3-BF4B-00C04F79EFBC}") = "HexaSamples.Infra.Data", "HexaSamples.Infra.Data\HexaSamples.Infra.Data.csproj", "{4189607A-6369-4923-ABF0-E4D2D9974276}"
EndProject
Project("{FAE04EC0-301F-11D3-BF4B-00C04F79EFBC}") = "HexaSamples.WebApi", "HexaSamples.WebApi\HexaSamples.WebApi.csproj", "{9C2E77A0-80C4-4C6E-B704-40752FF35140}"
EndProject
Global
	GlobalSection(SolutionConfigurationPlatforms) = preSolution
		Debug|Any CPU = Debug|Any CPU
		Release|Any CPU = Release|Any CPU
	EndGlobalSection
	GlobalSection(ProjectConfigurationPlatforms) = postSolution
		{BDFD630E-64FB-4A6C-8A29-018BF2563492}.Debug|Any CPU.ActiveCfg = Debug|Any CPU
		{BDFD630E-64FB-4A6C-8A29-018BF2563492}.Debug|Any CPU.Build.0 = Debug|Any CPU
		{BDFD630E-64FB-4A6C-8A29-018BF2563492}.Release|Any CPU.ActiveCfg = Release|Any CPU
		{BDFD630E-64FB-4A6C-8A29-018BF2563492}.Release|Any CPU.Build.0 = Release|Any CPU
		{80B68331-318A-446C-ABAB-D8693A6FB4DD}.Debug|Any CPU.ActiveCfg = Debug|Any CPU
		{80B68331-318A-446C-ABAB-D8693A6FB4DD}.Debug|Any CPU.Build.0 = Debug|Any CPU
		{80B68331-318A-446C-ABAB-D8693A6FB4DD}.Release|Any CPU.ActiveCfg = Release|Any CPU
		{80B68331-318A-446C-ABAB-D8693A6FB4DD}.Release|Any CPU.Build.0 = Release|Any CPU
		{4734CE71-DF3A-4AE7-9948-BEB7335DEC4A}.Debug|Any CPU.ActiveCfg = Debug|Any CPU
		{4734CE71-DF3A-4AE7-9948-BEB7335DEC4A}.Debug|Any CPU.Build.0 = Debug|Any CPU
		{4734CE71-DF3A-4AE7-9948-BEB7335DEC4A}.Release|Any CPU.ActiveCfg = Release|Any CPU
		{4734CE71-DF3A-4AE7-9948-BEB7335DEC4A}.Release|Any CPU.Build.0 = Release|Any CPU
		{A947E932-E646-4997-9313-FFC0184458FC}.Debug|Any CPU.ActiveCfg = Debug|Any CPU
		{A947E932-E646-4997-9313-FFC0184458FC}.Debug|Any CPU.Build.0 = Debug|Any CPU
		{A947E932-E646-4997-9313-FFC0184458FC}.Release|Any CPU.ActiveCfg = Release|Any CPU
		{A947E932-E646-4997-9313-FFC0184458FC}.Release|Any CPU.Build.0 = Release|Any CPU
		{96096843-366B-411D-8B85-20C0125AB87F}.Debug|Any CPU.ActiveCfg = Debug|Any CPU
		{96096843-366B-411D-8B85-20C0125AB87F}.Debug|Any CPU.Build.0 = Debug|Any CPU
		{96096843-366B-411D-8B85-20C0125AB87F}.Release|Any CPU.ActiveCfg = Release|Any CPU
		{96096843-366B-411D-8B85-20C0125AB87F}.Release|Any CPU.Build.0 = Release|Any CPU
		{878B1088-A850-4AFA-AA16-9E06170EC24A}.Debug|Any CPU.ActiveCfg = Debug|Any CPU
		{878B1088-A850-4AFA-AA16-9E06170EC24A}.Debug|Any CPU.Build.0 = Debug|Any CPU
		{878B1088-A850-4AFA-AA16-9E06170EC24A}.Release|Any CPU.ActiveCfg = Release|Any CPU
		{878B1088-A850-4AFA-AA16-9E06170EC24A}.Release|Any CPU.Build.0 = Release|Any CPU
		{B2A76558-0945-45D9-936E-759BD5311997}.Debug|Any CPU.ActiveCfg = Debug|Any CPU
		{B2A76558-0945-45D9-936E-759BD5311997}.Debug|Any CPU.Build.0 = Debug|Any CPU
		{B2A76558-0945-45D9-936E-759BD5311997}.Release|Any CPU.ActiveCfg = Release|Any CPU
		{B2A76558-0945-45D9-936E-759BD5311997}.Release|Any CPU.Build.0 = Release|Any CPU
		{803011AF-A836-49B3-BEAF-537D8309B8F9}.Debug|Any CPU.ActiveCfg = Debug|Any CPU
		{803011AF-A836-49B3-BEAF-537D8309B8F9}.Debug|Any CPU.Build.0 = Debug|Any CPU
		{803011AF-A836-49B3-BEAF-537D8309B8F9}.Release|Any CPU.ActiveCfg = Release|Any CPU
		{803011AF-A836-49B3-BEAF-537D8309B8F9}.Release|Any CPU.Build.0 = Release|Any CPU
		{4189607A-6369-4923-ABF0-E4D2D9974276}.Debug|Any CPU.ActiveCfg = Debug|Any CPU
		{4189607A-6369-4923-ABF0-E4D2D9974276}.Debug|Any CPU.Build.0 = Debug|Any CPU
		{4189607A-6369-4923-ABF0-E4D2D9974276}.Release|Any CPU.ActiveCfg = Release|Any CPU
		{4189607A-6369-4923-ABF0-E4D2D9974276}.Release|Any CPU.Build.0 = Release|Any CPU
		{9C2E77A0-80C4-4C6E-B704-40752FF35140}.Debug|Any CPU.ActiveCfg = Debug|Any CPU
		{9C2E77A0-80C4-4C6E-B704-40752FF35140}.Debug|Any CPU.Build.0 = Debug|Any CPU
		{9C2E77A0-80C4-4C6E-B704-40752FF35140}.Release|Any CPU.ActiveCfg = Release|Any CPU
		{9C2E77A0-80C4-4C6E-B704-40752FF35140}.Release|Any CPU.Build.0 = Release|Any CPU
	EndGlobalSection
	GlobalSection(SolutionProperties) = preSolution
		HideSolutionNode = FALSE
	EndGlobalSection
	GlobalSection(NestedProjects) = preSolution
		{BDFD630E-64FB-4A6C-8A29-018BF2563492} = {62ADCCD5-98E4-49DC-A72A-6249EB52D46A}
		{80B68331-318A-446C-ABAB-D8693A6FB4DD} = {B7425476-39D4-4A42-81CA-9283CC1E5A4B}
		{4734CE71-DF3A-4AE7-9948-BEB7335DEC4A} = {B7425476-39D4-4A42-81CA-9283CC1E5A4B}
		{A947E932-E646-4997-9313-FFC0184458FC} = {B7425476-39D4-4A42-81CA-9283CC1E5A4B}
		{96096843-366B-411D-8B85-20C0125AB87F} = {B7425476-39D4-4A42-81CA-9283CC1E5A4B}
		{878B1088-A850-4AFA-AA16-9E06170EC24A} = {B7425476-39D4-4A42-81CA-9283CC1E5A4B}
		{B2A76558-0945-45D9-936E-759BD5311997} = {62ADCCD5-98E4-49DC-A72A-6249EB52D46A}
		{803011AF-A836-49B3-BEAF-537D8309B8F9} = {62ADCCD5-98E4-49DC-A72A-6249EB52D46A}
		{4189607A-6369-4923-ABF0-E4D2D9974276} = {EECBE110-06BD-4DC8-B297-D88726AD2029}
		{9C2E77A0-80C4-4C6E-B704-40752FF35140} = {48F96FF9-2FC4-4238-94AE-1BC9B8A8F514}
	EndGlobalSection
	GlobalSection(ExtensibilityGlobals) = postSolution
		SolutionGuid = {205097E3-5A23-4754-95EA-2041B5101384}
	EndGlobalSection
EndGlobal
